// !$*UTF8*$!
{
	archiveVersion = 1;
	classes = {
	};
	objectVersion = 50;
	objects = {

/* Begin PBXBuildFile section */
		63152CBF207EEEC7008F29C0 /* AppDelegate.m in Sources */ = {isa = PBXBuildFile; fileRef = 63152CBE207EEEC7008F29C0 /* AppDelegate.m */; };
		63152CC2207EEEC7008F29C0 /* ViewController.m in Sources */ = {isa = PBXBuildFile; fileRef = 63152CC1207EEEC7008F29C0 /* ViewController.m */; };
		63152CC5207EEEC7008F29C0 /* Main.storyboard in Resources */ = {isa = PBXBuildFile; fileRef = 63152CC3207EEEC7008F29C0 /* Main.storyboard */; };
		63152CC7207EEEC8008F29C0 /* Assets.xcassets in Resources */ = {isa = PBXBuildFile; fileRef = 63152CC6207EEEC8008F29C0 /* Assets.xcassets */; };
		63152CCA207EEEC8008F29C0 /* LaunchScreen.storyboard in Resources */ = {isa = PBXBuildFile; fileRef = 63152CC8207EEEC8008F29C0 /* LaunchScreen.storyboard */; };
		63152CCD207EEEC8008F29C0 /* main.m in Sources */ = {isa = PBXBuildFile; fileRef = 63152CCC207EEEC8008F29C0 /* main.m */; };
		63152CD3207F0034008F29C0 /* GGQRCodeGenerator.m in Sources */ = {isa = PBXBuildFile; fileRef = 63152CD2207F0034008F29C0 /* GGQRCodeGenerator.m */; };
		63A0DD3C2073435F00D6B223 /* AppDelegate.m in Sources */ = {isa = PBXBuildFile; fileRef = 63A0DD3B2073435F00D6B223 /* AppDelegate.m */; };
		63A0DD3F2073435F00D6B223 /* ViewController.m in Sources */ = {isa = PBXBuildFile; fileRef = 63A0DD3E2073435F00D6B223 /* ViewController.m */; };
		63A0DD422073435F00D6B223 /* Main.storyboard in Resources */ = {isa = PBXBuildFile; fileRef = 63A0DD402073435F00D6B223 /* Main.storyboard */; };
		63A0DD442073436000D6B223 /* Assets.xcassets in Resources */ = {isa = PBXBuildFile; fileRef = 63A0DD432073436000D6B223 /* Assets.xcassets */; };
		63A0DD472073436000D6B223 /* LaunchScreen.storyboard in Resources */ = {isa = PBXBuildFile; fileRef = 63A0DD452073436000D6B223 /* LaunchScreen.storyboard */; };
		63A0DD4A2073436000D6B223 /* main.m in Sources */ = {isa = PBXBuildFile; fileRef = 63A0DD492073436000D6B223 /* main.m */; };
		63A0DD58207343A100D6B223 /* AppDelegate.m in Sources */ = {isa = PBXBuildFile; fileRef = 63A0DD57207343A100D6B223 /* AppDelegate.m */; };
		63A0DD5B207343A100D6B223 /* ViewController.m in Sources */ = {isa = PBXBuildFile; fileRef = 63A0DD5A207343A100D6B223 /* ViewController.m */; };
		63A0DD5E207343A100D6B223 /* Main.storyboard in Resources */ = {isa = PBXBuildFile; fileRef = 63A0DD5C207343A100D6B223 /* Main.storyboard */; };
		63A0DD60207343A200D6B223 /* Assets.xcassets in Resources */ = {isa = PBXBuildFile; fileRef = 63A0DD5F207343A200D6B223 /* Assets.xcassets */; };
		63A0DD63207343A200D6B223 /* LaunchScreen.storyboard in Resources */ = {isa = PBXBuildFile; fileRef = 63A0DD61207343A200D6B223 /* LaunchScreen.storyboard */; };
		63A0DD66207343A200D6B223 /* main.m in Sources */ = {isa = PBXBuildFile; fileRef = 63A0DD65207343A200D6B223 /* main.m */; };
/* End PBXBuildFile section */

/* Begin PBXFileReference section */
		63152CBB207EEEC7008F29C0 /* 二维码.app */ = {isa = PBXFileReference; explicitFileType = wrapper.application; includeInIndex = 0; path = "二维码.app"; sourceTree = BUILT_PRODUCTS_DIR; };
		63152CBD207EEEC7008F29C0 /* AppDelegate.h */ = {isa = PBXFileReference; lastKnownFileType = sourcecode.c.h; path = AppDelegate.h; sourceTree = "<group>"; };
		63152CBE207EEEC7008F29C0 /* AppDelegate.m */ = {isa = PBXFileReference; lastKnownFileType = sourcecode.c.objc; path = AppDelegate.m; sourceTree = "<group>"; };
		63152CC0207EEEC7008F29C0 /* ViewController.h */ = {isa = PBXFileReference; lastKnownFileType = sourcecode.c.h; path = ViewController.h; sourceTree = "<group>"; };
		63152CC1207EEEC7008F29C0 /* ViewController.m */ = {isa = PBXFileReference; lastKnownFileType = sourcecode.c.objc; path = ViewController.m; sourceTree = "<group>"; };
		63152CC4207EEEC7008F29C0 /* Base */ = {isa = PBXFileReference; lastKnownFileType = file.storyboard; name = Base; path = Base.lproj/Main.storyboard; sourceTree = "<group>"; };
		63152CC6207EEEC8008F29C0 /* Assets.xcassets */ = {isa = PBXFileReference; lastKnownFileType = folder.assetcatalog; path = Assets.xcassets; sourceTree = "<group>"; };
		63152CC9207EEEC8008F29C0 /* Base */ = {isa = PBXFileReference; lastKnownFileType = file.storyboard; name = Base; path = Base.lproj/LaunchScreen.storyboard; sourceTree = "<group>"; };
		63152CCB207EEEC8008F29C0 /* Info.plist */ = {isa = PBXFileReference; lastKnownFileType = text.plist.xml; path = Info.plist; sourceTree = "<group>"; };
		63152CCC207EEEC8008F29C0 /* main.m */ = {isa = PBXFileReference; lastKnownFileType = sourcecode.c.objc; path = main.m; sourceTree = "<group>"; };
		63152CD1207F0034008F29C0 /* GGQRCodeGenerator.h */ = {isa = PBXFileReference; lastKnownFileType = sourcecode.c.h; path = GGQRCodeGenerator.h; sourceTree = "<group>"; };
		63152CD2207F0034008F29C0 /* GGQRCodeGenerator.m */ = {isa = PBXFileReference; lastKnownFileType = sourcecode.c.objc; path = GGQRCodeGenerator.m; sourceTree = "<group>"; };
		63A0DD372073435F00D6B223 /* knowledge-accumulation.app */ = {isa = PBXFileReference; explicitFileType = wrapper.application; includeInIndex = 0; path = "knowledge-accumulation.app"; sourceTree = BUILT_PRODUCTS_DIR; };
		63A0DD3A2073435F00D6B223 /* AppDelegate.h */ = {isa = PBXFileReference; lastKnownFileType = sourcecode.c.h; path = AppDelegate.h; sourceTree = "<group>"; };
		63A0DD3B2073435F00D6B223 /* AppDelegate.m */ = {isa = PBXFileReference; lastKnownFileType = sourcecode.c.objc; path = AppDelegate.m; sourceTree = "<group>"; };
		63A0DD3D2073435F00D6B223 /* ViewController.h */ = {isa = PBXFileReference; lastKnownFileType = sourcecode.c.h; path = ViewController.h; sourceTree = "<group>"; };
		63A0DD3E2073435F00D6B223 /* ViewController.m */ = {isa = PBXFileReference; lastKnownFileType = sourcecode.c.objc; path = ViewController.m; sourceTree = "<group>"; };
		63A0DD412073435F00D6B223 /* Base */ = {isa = PBXFileReference; lastKnownFileType = file.storyboard; name = Base; path = Base.lproj/Main.storyboard; sourceTree = "<group>"; };
		63A0DD432073436000D6B223 /* Assets.xcassets */ = {isa = PBXFileReference; lastKnownFileType = folder.assetcatalog; path = Assets.xcassets; sourceTree = "<group>"; };
		63A0DD462073436000D6B223 /* Base */ = {isa = PBXFileReference; lastKnownFileType = file.storyboard; name = Base; path = Base.lproj/LaunchScreen.storyboard; sourceTree = "<group>"; };
		63A0DD482073436000D6B223 /* Info.plist */ = {isa = PBXFileReference; lastKnownFileType = text.plist.xml; path = Info.plist; sourceTree = "<group>"; };
		63A0DD492073436000D6B223 /* main.m */ = {isa = PBXFileReference; lastKnownFileType = sourcecode.c.objc; path = main.m; sourceTree = "<group>"; };
		63A0DD54207343A100D6B223 /* 键盘处理.app */ = {isa = PBXFileReference; explicitFileType = wrapper.application; includeInIndex = 0; path = "键盘处理.app"; sourceTree = BUILT_PRODUCTS_DIR; };
		63A0DD56207343A100D6B223 /* AppDelegate.h */ = {isa = PBXFileReference; lastKnownFileType = sourcecode.c.h; path = AppDelegate.h; sourceTree = "<group>"; };
		63A0DD57207343A100D6B223 /* AppDelegate.m */ = {isa = PBXFileReference; lastKnownFileType = sourcecode.c.objc; path = AppDelegate.m; sourceTree = "<group>"; };
		63A0DD59207343A100D6B223 /* ViewController.h */ = {isa = PBXFileReference; lastKnownFileType = sourcecode.c.h; path = ViewController.h; sourceTree = "<group>"; };
		63A0DD5A207343A100D6B223 /* ViewController.m */ = {isa = PBXFileReference; lastKnownFileType = sourcecode.c.objc; path = ViewController.m; sourceTree = "<group>"; };
		63A0DD5D207343A100D6B223 /* Base */ = {isa = PBXFileReference; lastKnownFileType = file.storyboard; name = Base; path = Base.lproj/Main.storyboard; sourceTree = "<group>"; };
		63A0DD5F207343A200D6B223 /* Assets.xcassets */ = {isa = PBXFileReference; lastKnownFileType = folder.assetcatalog; path = Assets.xcassets; sourceTree = "<group>"; };
		63A0DD62207343A200D6B223 /* Base */ = {isa = PBXFileReference; lastKnownFileType = file.storyboard; name = Base; path = Base.lproj/LaunchScreen.storyboard; sourceTree = "<group>"; };
		63A0DD64207343A200D6B223 /* Info.plist */ = {isa = PBXFileReference; lastKnownFileType = text.plist.xml; path = Info.plist; sourceTree = "<group>"; };
		63A0DD65207343A200D6B223 /* main.m */ = {isa = PBXFileReference; lastKnownFileType = sourcecode.c.objc; path = main.m; sourceTree = "<group>"; };
/* End PBXFileReference section */

/* Begin PBXFrameworksBuildPhase section */
		63152CB8207EEEC7008F29C0 /* Frameworks */ = {
			isa = PBXFrameworksBuildPhase;
			buildActionMask = 2147483647;
			files = (
			);
			runOnlyForDeploymentPostprocessing = 0;
		};
		63A0DD342073435F00D6B223 /* Frameworks */ = {
			isa = PBXFrameworksBuildPhase;
			buildActionMask = 2147483647;
			files = (
			);
			runOnlyForDeploymentPostprocessing = 0;
		};
		63A0DD51207343A100D6B223 /* Frameworks */ = {
			isa = PBXFrameworksBuildPhase;
			buildActionMask = 2147483647;
			files = (
			);
			runOnlyForDeploymentPostprocessing = 0;
		};
/* End PBXFrameworksBuildPhase section */

/* Begin PBXGroup section */
		63152CBC207EEEC7008F29C0 /* 二维码 */ = {
			isa = PBXGroup;
			children = (
				63152CBD207EEEC7008F29C0 /* AppDelegate.h */,
				63152CBE207EEEC7008F29C0 /* AppDelegate.m */,
				63152CC0207EEEC7008F29C0 /* ViewController.h */,
				63152CC1207EEEC7008F29C0 /* ViewController.m */,
				63152CC3207EEEC7008F29C0 /* Main.storyboard */,
				63152CC6207EEEC8008F29C0 /* Assets.xcassets */,
				63152CC8207EEEC8008F29C0 /* LaunchScreen.storyboard */,
				63152CCB207EEEC8008F29C0 /* Info.plist */,
				63152CCC207EEEC8008F29C0 /* main.m */,
				63152CD1207F0034008F29C0 /* GGQRCodeGenerator.h */,
				63152CD2207F0034008F29C0 /* GGQRCodeGenerator.m */,
			);
			path = "二维码";
			sourceTree = "<group>";
		};
		63A0DD2E2073435F00D6B223 = {
			isa = PBXGroup;
			children = (
				63A0DD392073435F00D6B223 /* knowledge-accumulation */,
				63A0DD55207343A100D6B223 /* 键盘处理 */,
				63152CBC207EEEC7008F29C0 /* 二维码 */,
				63A0DD382073435F00D6B223 /* Products */,
			);
			sourceTree = "<group>";
		};
		63A0DD382073435F00D6B223 /* Products */ = {
			isa = PBXGroup;
			children = (
				63A0DD372073435F00D6B223 /* knowledge-accumulation.app */,
				63A0DD54207343A100D6B223 /* 键盘处理.app */,
				63152CBB207EEEC7008F29C0 /* 二维码.app */,
			);
			name = Products;
			sourceTree = "<group>";
		};
		63A0DD392073435F00D6B223 /* knowledge-accumulation */ = {
			isa = PBXGroup;
			children = (
				63A0DD3A2073435F00D6B223 /* AppDelegate.h */,
				63A0DD3B2073435F00D6B223 /* AppDelegate.m */,
				63A0DD3D2073435F00D6B223 /* ViewController.h */,
				63A0DD3E2073435F00D6B223 /* ViewController.m */,
				63A0DD402073435F00D6B223 /* Main.storyboard */,
				63A0DD432073436000D6B223 /* Assets.xcassets */,
				63A0DD452073436000D6B223 /* LaunchScreen.storyboard */,
				63A0DD482073436000D6B223 /* Info.plist */,
				63A0DD492073436000D6B223 /* main.m */,
			);
			path = "knowledge-accumulation";
			sourceTree = "<group>";
		};
		63A0DD55207343A100D6B223 /* 键盘处理 */ = {
			isa = PBXGroup;
			children = (
				63A0DD56207343A100D6B223 /* AppDelegate.h */,
				63A0DD57207343A100D6B223 /* AppDelegate.m */,
				63A0DD59207343A100D6B223 /* ViewController.h */,
				63A0DD5A207343A100D6B223 /* ViewController.m */,
				63A0DD5C207343A100D6B223 /* Main.storyboard */,
				63A0DD5F207343A200D6B223 /* Assets.xcassets */,
				63A0DD61207343A200D6B223 /* LaunchScreen.storyboard */,
				63A0DD64207343A200D6B223 /* Info.plist */,
				63A0DD65207343A200D6B223 /* main.m */,
			);
			path = "键盘处理";
			sourceTree = "<group>";
		};
/* End PBXGroup section */

/* Begin PBXNativeTarget section */
		63152CBA207EEEC7008F29C0 /* 二维码 */ = {
			isa = PBXNativeTarget;
			buildConfigurationList = 63152CD0207EEEC8008F29C0 /* Build configuration list for PBXNativeTarget "二维码" */;
			buildPhases = (
				63152CB7207EEEC7008F29C0 /* Sources */,
				63152CB8207EEEC7008F29C0 /* Frameworks */,
				63152CB9207EEEC7008F29C0 /* Resources */,
			);
			buildRules = (
			);
			dependencies = (
			);
			name = "二维码";
			productName = "二维码";
			productReference = 63152CBB207EEEC7008F29C0 /* 二维码.app */;
			productType = "com.apple.product-type.application";
		};
		63A0DD362073435F00D6B223 /* knowledge-accumulation */ = {
			isa = PBXNativeTarget;
			buildConfigurationList = 63A0DD4D2073436000D6B223 /* Build configuration list for PBXNativeTarget "knowledge-accumulation" */;
			buildPhases = (
				63A0DD332073435F00D6B223 /* Sources */,
				63A0DD342073435F00D6B223 /* Frameworks */,
				63A0DD352073435F00D6B223 /* Resources */,
			);
			buildRules = (
			);
			dependencies = (
			);
			name = "knowledge-accumulation";
			productName = "knowledge-accumulation";
			productReference = 63A0DD372073435F00D6B223 /* knowledge-accumulation.app */;
			productType = "com.apple.product-type.application";
		};
		63A0DD53207343A100D6B223 /* 键盘处理 */ = {
			isa = PBXNativeTarget;
			buildConfigurationList = 63A0DD69207343A200D6B223 /* Build configuration list for PBXNativeTarget "键盘处理" */;
			buildPhases = (
				63A0DD50207343A100D6B223 /* Sources */,
				63A0DD51207343A100D6B223 /* Frameworks */,
				63A0DD52207343A100D6B223 /* Resources */,
			);
			buildRules = (
			);
			dependencies = (
			);
			name = "键盘处理";
			productName = "键盘处理";
			productReference = 63A0DD54207343A100D6B223 /* 键盘处理.app */;
			productType = "com.apple.product-type.application";
		};
/* End PBXNativeTarget section */

/* Begin PBXProject section */
		63A0DD2F2073435F00D6B223 /* Project object */ = {
			isa = PBXProject;
			attributes = {
				LastUpgradeCheck = 0930;
				ORGANIZATIONNAME = GG;
				TargetAttributes = {
					63152CBA207EEEC7008F29C0 = {
						CreatedOnToolsVersion = 9.3;
					};
					63A0DD362073435F00D6B223 = {
						CreatedOnToolsVersion = 9.3;
					};
					63A0DD53207343A100D6B223 = {
						CreatedOnToolsVersion = 9.3;
					};
				};
			};
			buildConfigurationList = 63A0DD322073435F00D6B223 /* Build configuration list for PBXProject "knowledge-accumulation" */;
			compatibilityVersion = "Xcode 9.3";
			developmentRegion = en;
			hasScannedForEncodings = 0;
			knownRegions = (
				en,
				Base,
			);
			mainGroup = 63A0DD2E2073435F00D6B223;
			productRefGroup = 63A0DD382073435F00D6B223 /* Products */;
			projectDirPath = "";
			projectRoot = "";
			targets = (
				63A0DD362073435F00D6B223 /* knowledge-accumulation */,
				63A0DD53207343A100D6B223 /* 键盘处理 */,
				63152CBA207EEEC7008F29C0 /* 二维码 */,
			);
		};
/* End PBXProject section */

/* Begin PBXResourcesBuildPhase section */
		63152CB9207EEEC7008F29C0 /* Resources */ = {
			isa = PBXResourcesBuildPhase;
			buildActionMask = 2147483647;
			files = (
				63152CCA207EEEC8008F29C0 /* LaunchScreen.storyboard in Resources */,
				63152CC7207EEEC8008F29C0 /* Assets.xcassets in Resources */,
				63152CC5207EEEC7008F29C0 /* Main.storyboard in Resources */,
			);
			runOnlyForDeploymentPostprocessing = 0;
		};
		63A0DD352073435F00D6B223 /* Resources */ = {
			isa = PBXResourcesBuildPhase;
			buildActionMask = 2147483647;
			files = (
				63A0DD472073436000D6B223 /* LaunchScreen.storyboard in Resources */,
				63A0DD442073436000D6B223 /* Assets.xcassets in Resources */,
				63A0DD422073435F00D6B223 /* Main.storyboard in Resources */,
			);
			runOnlyForDeploymentPostprocessing = 0;
		};
		63A0DD52207343A100D6B223 /* Resources */ = {
			isa = PBXResourcesBuildPhase;
			buildActionMask = 2147483647;
			files = (
				63A0DD63207343A200D6B223 /* LaunchScreen.storyboard in Resources */,
				63A0DD60207343A200D6B223 /* Assets.xcassets in Resources */,
				63A0DD5E207343A100D6B223 /* Main.storyboard in Resources */,
			);
			runOnlyForDeploymentPostprocessing = 0;
		};
/* End PBXResourcesBuildPhase section */

/* Begin PBXSourcesBuildPhase section */
		63152CB7207EEEC7008F29C0 /* Sources */ = {
			isa = PBXSourcesBuildPhase;
			buildActionMask = 2147483647;
			files = (
				63152CC2207EEEC7008F29C0 /* ViewController.m in Sources */,
				63152CD3207F0034008F29C0 /* GGQRCodeGenerator.m in Sources */,
				63152CCD207EEEC8008F29C0 /* main.m in Sources */,
				63152CBF207EEEC7008F29C0 /* AppDelegate.m in Sources */,
			);
			runOnlyForDeploymentPostprocessing = 0;
		};
		63A0DD332073435F00D6B223 /* Sources */ = {
			isa = PBXSourcesBuildPhase;
			buildActionMask = 2147483647;
			files = (
				63A0DD3F2073435F00D6B223 /* ViewController.m in Sources */,
				63A0DD4A2073436000D6B223 /* main.m in Sources */,
				63A0DD3C2073435F00D6B223 /* AppDelegate.m in Sources */,
			);
			runOnlyForDeploymentPostprocessing = 0;
		};
		63A0DD50207343A100D6B223 /* Sources */ = {
			isa = PBXSourcesBuildPhase;
			buildActionMask = 2147483647;
			files = (
				63A0DD5B207343A100D6B223 /* ViewController.m in Sources */,
				63A0DD66207343A200D6B223 /* main.m in Sources */,
				63A0DD58207343A100D6B223 /* AppDelegate.m in Sources */,
			);
			runOnlyForDeploymentPostprocessing = 0;
		};
/* End PBXSourcesBuildPhase section */

/* Begin PBXVariantGroup section */
		63152CC3207EEEC7008F29C0 /* Main.storyboard */ = {
			isa = PBXVariantGroup;
			children = (
				63152CC4207EEEC7008F29C0 /* Base */,
			);
			name = Main.storyboard;
			sourceTree = "<group>";
		};
		63152CC8207EEEC8008F29C0 /* LaunchScreen.storyboard */ = {
			isa = PBXVariantGroup;
			children = (
				63152CC9207EEEC8008F29C0 /* Base */,
			);
			name = LaunchScreen.storyboard;
			sourceTree = "<group>";
		};
		63A0DD402073435F00D6B223 /* Main.storyboard */ = {
			isa = PBXVariantGroup;
			children = (
				63A0DD412073435F00D6B223 /* Base */,
			);
			name = Main.storyboard;
			sourceTree = "<group>";
		};
		63A0DD452073436000D6B223 /* LaunchScreen.storyboard */ = {
			isa = PBXVariantGroup;
			children = (
				63A0DD462073436000D6B223 /* Base */,
			);
			name = LaunchScreen.storyboard;
			sourceTree = "<group>";
		};
		63A0DD5C207343A100D6B223 /* Main.storyboard */ = {
			isa = PBXVariantGroup;
			children = (
				63A0DD5D207343A100D6B223 /* Base */,
			);
			name = Main.storyboard;
			sourceTree = "<group>";
		};
		63A0DD61207343A200D6B223 /* LaunchScreen.storyboard */ = {
			isa = PBXVariantGroup;
			children = (
				63A0DD62207343A200D6B223 /* Base */,
			);
			name = LaunchScreen.storyboard;
			sourceTree = "<group>";
		};
/* End PBXVariantGroup section */

/* Begin XCBuildConfiguration section */
		63152CCE207EEEC8008F29C0 /* Debug */ = {
			isa = XCBuildConfiguration;
			buildSettings = {
				ASSETCATALOG_COMPILER_APPICON_NAME = AppIcon;
				CODE_SIGN_STYLE = Automatic;
				DEVELOPMENT_TEAM = N2Y46PCZ3S;
				INFOPLIST_FILE = "二维码/Info.plist";
				LD_RUNPATH_SEARCH_PATHS = (
					"$(inherited)",
					"@executable_path/Frameworks",
				);
				PRODUCT_BUNDLE_IDENTIFIER = com.gg.code;
				PRODUCT_NAME = "$(TARGET_NAME)";
				TARGETED_DEVICE_FAMILY = "1,2";
			};
			name = Debug;
		};
		63152CCF207EEEC8008F29C0 /* Release */ = {
			isa = XCBuildConfiguration;
			buildSettings = {
				ASSETCATALOG_COMPILER_APPICON_NAME = AppIcon;
				CODE_SIGN_STYLE = Automatic;
				DEVELOPMENT_TEAM = N2Y46PCZ3S;
				INFOPLIST_FILE = "二维码/Info.plist";
				LD_RUNPATH_SEARCH_PATHS = (
					"$(inherited)",
					"@executable_path/Frameworks",
				);
				PRODUCT_BUNDLE_IDENTIFIER = com.gg.code;
				PRODUCT_NAME = "$(TARGET_NAME)";
				TARGETED_DEVICE_FAMILY = "1,2";
			};
			name = Release;
		};
		63A0DD4B2073436000D6B223 /* Debug */ = {
			isa = XCBuildConfiguration;
			buildSettings = {
				ALWAYS_SEARCH_USER_PATHS = NO;
				CLANG_ANALYZER_NONNULL = YES;
				CLANG_ANALYZER_NUMBER_OBJECT_CONVERSION = YES_AGGRESSIVE;
				CLANG_CXX_LANGUAGE_STANDARD = "gnu++14";
				CLANG_CXX_LIBRARY = "libc++";
				CLANG_ENABLE_MODULES = YES;
				CLANG_ENABLE_OBJC_ARC = YES;
				CLANG_ENABLE_OBJC_WEAK = YES;
				CLANG_WARN_BLOCK_CAPTURE_AUTORELEASING = YES;
				CLANG_WARN_BOOL_CONVERSION = YES;
				CLANG_WARN_COMMA = YES;
				CLANG_WARN_CONSTANT_CONVERSION = YES;
				CLANG_WARN_DEPRECATED_OBJC_IMPLEMENTATIONS = YES;
				CLANG_WARN_DIRECT_OBJC_ISA_USAGE = YES_ERROR;
				CLANG_WARN_DOCUMENTATION_COMMENTS = YES;
				CLANG_WARN_EMPTY_BODY = YES;
				CLANG_WARN_ENUM_CONVERSION = YES;
				CLANG_WARN_INFINITE_RECURSION = YES;
				CLANG_WARN_INT_CONVERSION = YES;
				CLANG_WARN_NON_LITERAL_NULL_CONVERSION = YES;
				CLANG_WARN_OBJC_IMPLICIT_RETAIN_SELF = YES;
				CLANG_WARN_OBJC_LITERAL_CONVERSION = YES;
				CLANG_WARN_OBJC_ROOT_CLASS = YES_ERROR;
				CLANG_WARN_RANGE_LOOP_ANALYSIS = YES;
				CLANG_WARN_STRICT_PROTOTYPES = YES;
				CLANG_WARN_SUSPICIOUS_MOVE = YES;
				CLANG_WARN_UNGUARDED_AVAILABILITY = YES_AGGRESSIVE;
				CLANG_WARN_UNREACHABLE_CODE = YES;
				CLANG_WARN__DUPLICATE_METHOD_MATCH = YES;
				CODE_SIGN_IDENTITY = "iPhone Developer";
				COPY_PHASE_STRIP = NO;
				DEBUG_INFORMATION_FORMAT = dwarf;
				ENABLE_STRICT_OBJC_MSGSEND = YES;
				ENABLE_TESTABILITY = YES;
				GCC_C_LANGUAGE_STANDARD = gnu11;
				GCC_DYNAMIC_NO_PIC = NO;
				GCC_NO_COMMON_BLOCKS = YES;
				GCC_OPTIMIZATION_LEVEL = 0;
				GCC_PREPROCESSOR_DEFINITIONS = (
					"DEBUG=1",
					"$(inherited)",
				);
				GCC_WARN_64_TO_32_BIT_CONVERSION = YES;
				GCC_WARN_ABOUT_RETURN_TYPE = YES_ERROR;
				GCC_WARN_UNDECLARED_SELECTOR = YES;
				GCC_WARN_UNINITIALIZED_AUTOS = YES_AGGRESSIVE;
				GCC_WARN_UNUSED_FUNCTION = YES;
				GCC_WARN_UNUSED_VARIABLE = YES;
				IPHONEOS_DEPLOYMENT_TARGET = 11.3;
				MTL_ENABLE_DEBUG_INFO = YES;
				ONLY_ACTIVE_ARCH = YES;
				SDKROOT = iphoneos;
			};
			name = Debug;
		};
		63A0DD4C2073436000D6B223 /* Release */ = {
			isa = XCBuildConfiguration;
			buildSettings = {
				ALWAYS_SEARCH_USER_PATHS = NO;
				CLANG_ANALYZER_NONNULL = YES;
				CLANG_ANALYZER_NUMBER_OBJECT_CONVERSION = YES_AGGRESSIVE;
				CLANG_CXX_LANGUAGE_STANDARD = "gnu++14";
				CLANG_CXX_LIBRARY = "libc++";
				CLANG_ENABLE_MODULES = YES;
				CLANG_ENABLE_OBJC_ARC = YES;
				CLANG_ENABLE_OBJC_WEAK = YES;
				CLANG_WARN_BLOCK_CAPTURE_AUTORELEASING = YES;
				CLANG_WARN_BOOL_CONVERSION = YES;
				CLANG_WARN_COMMA = YES;
				CLANG_WARN_CONSTANT_CONVERSION = YES;
				CLANG_WARN_DEPRECATED_OBJC_IMPLEMENTATIONS = YES;
				CLANG_WARN_DIRECT_OBJC_ISA_USAGE = YES_ERROR;
				CLANG_WARN_DOCUMENTATION_COMMENTS = YES;
				CLANG_WARN_EMPTY_BODY = YES;
				CLANG_WARN_ENUM_CONVERSION = YES;
				CLANG_WARN_INFINITE_RECURSION = YES;
				CLANG_WARN_INT_CONVERSION = YES;
				CLANG_WARN_NON_LITERAL_NULL_CONVERSION = YES;
				CLANG_WARN_OBJC_IMPLICIT_RETAIN_SELF = YES;
				CLANG_WARN_OBJC_LITERAL_CONVERSION = YES;
				CLANG_WARN_OBJC_ROOT_CLASS = YES_ERROR;
				CLANG_WARN_RANGE_LOOP_ANALYSIS = YES;
				CLANG_WARN_STRICT_PROTOTYPES = YES;
				CLANG_WARN_SUSPICIOUS_MOVE = YES;
				CLANG_WARN_UNGUARDED_AVAILABILITY = YES_AGGRESSIVE;
				CLANG_WARN_UNREACHABLE_CODE = YES;
				CLANG_WARN__DUPLICATE_METHOD_MATCH = YES;
				CODE_SIGN_IDENTITY = "iPhone Developer";
				COPY_PHASE_STRIP = NO;
				DEBUG_INFORMATION_FORMAT = "dwarf-with-dsym";
				ENABLE_NS_ASSERTIONS = NO;
				ENABLE_STRICT_OBJC_MSGSEND = YES;
				GCC_C_LANGUAGE_STANDARD = gnu11;
				GCC_NO_COMMON_BLOCKS = YES;
				GCC_WARN_64_TO_32_BIT_CONVERSION = YES;
				GCC_WARN_ABOUT_RETURN_TYPE = YES_ERROR;
				GCC_WARN_UNDECLARED_SELECTOR = YES;
				GCC_WARN_UNINITIALIZED_AUTOS = YES_AGGRESSIVE;
				GCC_WARN_UNUSED_FUNCTION = YES;
				GCC_WARN_UNUSED_VARIABLE = YES;
				IPHONEOS_DEPLOYMENT_TARGET = 11.3;
				MTL_ENABLE_DEBUG_INFO = NO;
				SDKROOT = iphoneos;
				VALIDATE_PRODUCT = YES;
			};
			name = Release;
		};
		63A0DD4E2073436000D6B223 /* Debug */ = {
			isa = XCBuildConfiguration;
			buildSettings = {
				ASSETCATALOG_COMPILER_APPICON_NAME = AppIcon;
				CODE_SIGN_STYLE = Automatic;
				DEVELOPMENT_TEAM = XV3T68XQ96;
				INFOPLIST_FILE = "knowledge-accumulation/Info.plist";
				LD_RUNPATH_SEARCH_PATHS = (
					"$(inherited)",
					"@executable_path/Frameworks",
				);
				PRODUCT_BUNDLE_IDENTIFIER = "com.gg.knowledge-accumulation";
				PRODUCT_NAME = "$(TARGET_NAME)";
				TARGETED_DEVICE_FAMILY = "1,2";
			};
			name = Debug;
		};
		63A0DD4F2073436000D6B223 /* Release */ = {
			isa = XCBuildConfiguration;
			buildSettings = {
				ASSETCATALOG_COMPILER_APPICON_NAME = AppIcon;
				CODE_SIGN_STYLE = Automatic;
				DEVELOPMENT_TEAM = XV3T68XQ96;
				INFOPLIST_FILE = "knowledge-accumulation/Info.plist";
				LD_RUNPATH_SEARCH_PATHS = (
					"$(inherited)",
					"@executable_path/Frameworks",
				);
				PRODUCT_BUNDLE_IDENTIFIER = "com.gg.knowledge-accumulation";
				PRODUCT_NAME = "$(TARGET_NAME)";
				TARGETED_DEVICE_FAMILY = "1,2";
			};
			name = Release;
		};
		63A0DD67207343A200D6B223 /* Debug */ = {
			isa = XCBuildConfiguration;
			buildSettings = {
				ASSETCATALOG_COMPILER_APPICON_NAME = AppIcon;
				CODE_SIGN_STYLE = Automatic;
				DEVELOPMENT_TEAM = N2Y46PCZ3S;
				INFOPLIST_FILE = "键盘处理/Info.plist";
				LD_RUNPATH_SEARCH_PATHS = (
					"$(inherited)",
					"@executable_path/Frameworks",
				);
				PRODUCT_BUNDLE_IDENTIFIER = "com.gg.----";
				PRODUCT_NAME = "$(TARGET_NAME)";
				TARGETED_DEVICE_FAMILY = "1,2";
			};
			name = Debug;
		};
		63A0DD68207343A200D6B223 /* Release */ = {
			isa = XCBuildConfiguration;
			buildSettings = {
				ASSETCATALOG_COMPILER_APPICON_NAME = AppIcon;
				CODE_SIGN_STYLE = Automatic;
				DEVELOPMENT_TEAM = N2Y46PCZ3S;
				INFOPLIST_FILE = "键盘处理/Info.plist";
				LD_RUNPATH_SEARCH_PATHS = (
					"$(inherited)",
					"@executable_path/Frameworks",
				);
				PRODUCT_BUNDLE_IDENTIFIER = "com.gg.----";
				PRODUCT_NAME = "$(TARGET_NAME)";
				TARGETED_DEVICE_FAMILY = "1,2";
			};
			name = Release;
		};
/* End XCBuildConfiguration section */

/* Begin XCConfigurationList section */
		63152CD0207EEEC8008F29C0 /* Build configuration list for PBXNativeTarget "二维码" */ = {
			isa = XCConfigurationList;
			buildConfigurations = (
				63152CCE207EEEC8008F29C0 /* Debug */,
				63152CCF207EEEC8008F29C0 /* Release */,
			);
			defaultConfigurationIsVisible = 0;
			defaultConfigurationName = Release;
		};
		63A0DD322073435F00D6B223 /* Build configuration list for PBXProject "knowledge-accumulation" */ = {
			isa = XCConfigurationList;
			buildConfigurations = (
				63A0DD4B2073436000D6B223 /* Debug */,
				63A0DD4C2073436000D6B223 /* Release */,
			);
			defaultConfigurationIsVisible = 0;
			defaultConfigurationName = Release;
		};
		63A0DD4D2073436000D6B223 /* Build configuration list for PBXNativeTarget "knowledge-accumulation" */ = {
			isa = XCConfigurationList;
			buildConfigurations = (
				63A0DD4E2073436000D6B223 /* Debug */,
				63A0DD4F2073436000D6B223 /* Release */,
			);
			defaultConfigurationIsVisible = 0;
			defaultConfigurationName = Release;
		};
		63A0DD69207343A200D6B223 /* Build configuration list for PBXNativeTarget "键盘处理" */ = {
			isa = XCConfigurationList;
			buildConfigurations = (
				63A0DD67207343A200D6B223 /* Debug */,
				63A0DD68207343A200D6B223 /* Release */,
			);
			defaultConfigurationIsVisible = 0;
			defaultConfigurationName = Release;
		};
/* End XCConfigurationList section */
	};
	rootObject = 63A0DD2F2073435F00D6B223 /* Project object */;
}
